
Microsoft Visual Studio Solution File, Format Version 12.00
# Visual Studio Version 17
VisualStudioVersion = 17.5.33516.290
MinimumVisualStudioVersion = 10.0.40219.1
Project("{FAE04EC0-301F-11D3-BF4B-00C04F79EFBC}") = "ForLoop", "ForLoop\ForLoop.csproj", "{BCF21254-3A79-42E6-9E3E-DF331CDB3B32}"
EndProject
Global
	GlobalSection(SolutionConfigurationPlatforms) = preSolution
		Debug|Any CPU = Debug|Any CPU
		Release|Any CPU = Release|Any CPU
	EndGlobalSection
	GlobalSection(ProjectConfigurationPlatforms) = postSolution
		{BCF21254-3A79-42E6-9E3E-DF331CDB3B32}.Debug|Any CPU.ActiveCfg = Debug|Any CPU
		{BCF21254-3A79-42E6-9E3E-DF331CDB3B32}.Debug|Any CPU.Build.0 = Debug|Any CPU
		{BCF21254-3A79-42E6-9E3E-DF331CDB3B32}.Release|Any CPU.ActiveCfg = Release|Any CPU
		{BCF21254-3A79-42E6-9E3E-DF331CDB3B32}.Release|Any CPU.Build.0 = Release|Any CPU
	EndGlobalSection
	GlobalSection(SolutionProperties) = preSolution
		HideSolutionNode = FALSE
	EndGlobalSection
	GlobalSection(ExtensibilityGlobals) = postSolution
		SolutionGuid = {79062F3B-4DB6-497E-8E45-405D5E8D58E9}
	EndGlobalSection
EndGlobal
